{
  "name": "privacysandbox",
  "version": "1.0.0",
  "lockfileVersion": 2,
  "requires": true,
  "packages": {
    "": {
      "name": "privacysandbox",
      "version": "1.0.0",
      "license": "ISC",
      "dependencies": {
        "simhash": "^0.1.0",
        "uglify-js": "^3.13.4"
      }
    },
    "node_modules/buffer-crc32": {
      "version": "0.1.1",
      "resolved": "https://registry.npmjs.org/buffer-crc32/-/buffer-crc32-0.1.1.tgz",
      "integrity": "sha1-fhENyZU5CKt8MqzccMn5RbHLxSY=",
      "engines": {
        "node": "*"
      }
    },
    "node_modules/simhash": {
      "version": "0.1.0",
      "resolved": "https://registry.npmjs.org/simhash/-/simhash-0.1.0.tgz",
      "integrity": "sha1-eVBN0DNXmlt4+u9ls03vTzQEYNw=",
      "dependencies": {
        "buffer-crc32": "0.1.x"
      },
      "engines": {
        "node": "0.8",
        "npm": "1"
      }
    },
    "node_modules/uglify-js": {
      "version": "3.13.4",
      "resolved": "https://registry.npmjs.org/uglify-js/-/uglify-js-3.13.4.tgz",
      "integrity": "sha512-kv7fCkIXyQIilD5/yQy8O+uagsYIOt5cZvs890W40/e/rvjMSzJw81o9Bg0tkURxzZBROtDQhW2LFjOGoK3RZw==",
      "bin": {
        "uglifyjs": "bin/uglifyjs"
      },
      "engines": {
        "node": ">=0.8.0"
      }
    }
  },
  "dependencies": {
    "buffer-crc32": {
      "version": "0.1.1",
      "resolved": "https://registry.npmjs.org/buffer-crc32/-/buffer-crc32-0.1.1.tgz",
      "integrity": "sha1-fhENyZU5CKt8MqzccMn5RbHLxSY="
    },
    "simhash": {
      "version": "0.1.0",
      "resolved": "https://registry.npmjs.org/simhash/-/simhash-0.1.0.tgz",
      "integrity": "sha1-eVBN0DNXmlt4+u9ls03vTzQEYNw=",
      "requires": {
        "buffer-crc32": "0.1.x"
      }
    },
    "uglify-js": {
      "version": "3.13.4",
      "resolved": "https://registry.npmjs.org/uglify-js/-/uglify-js-3.13.4.tgz",
      "integrity": "sha512-kv7fCkIXyQIilD5/yQy8O+uagsYIOt5cZvs890W40/e/rvjMSzJw81o9Bg0tkURxzZBROtDQhW2LFjOGoK3RZw=="
    }
  }
}
